
Microsoft Visual Studio Solution File, Format Version 12.00
# Visual Studio Version 17
VisualStudioVersion = 17.7.34009.444
MinimumVisualStudioVersion = 10.0.40219.1
Project("{FAE04EC0-301F-11D3-BF4B-00C04F79EFBC}") = "UI", "UI\UI.csproj", "{F486F488-120F-46C3-A52A-671DA4851251}"
EndProject
Project("{FAE04EC0-301F-11D3-BF4B-00C04F79EFBC}") = "Models", "Models\Models.csproj", "{1306E4B9-2FC7-4D48-ADE7-8FA11ED954AA}"
EndProject
Project("{FAE04EC0-301F-11D3-BF4B-00C04F79EFBC}") = "Dals", "Dals\Dals.csproj", "{373DE364-7BE5-481F-B078-0E843D7AB44A}"
EndProject
Project("{FAE04EC0-301F-11D3-BF4B-00C04F79EFBC}") = "Services", "Services\Services.csproj", "{819E19E6-C273-40AF-971C-04335BEACF5C}"
EndProject
Project("{FAE04EC0-301F-11D3-BF4B-00C04F79EFBC}") = "Interfaces", "Interfaces\Interfaces.csproj", "{24D26065-7660-4C1D-8451-F5028C8195AB}"
EndProject
Global
	GlobalSection(SolutionConfigurationPlatforms) = preSolution
		Debug|Any CPU = Debug|Any CPU
		Release|Any CPU = Release|Any CPU
	EndGlobalSection
	GlobalSection(ProjectConfigurationPlatforms) = postSolution
		{F486F488-120F-46C3-A52A-671DA4851251}.Debug|Any CPU.ActiveCfg = Debug|Any CPU
		{F486F488-120F-46C3-A52A-671DA4851251}.Debug|Any CPU.Build.0 = Debug|Any CPU
		{F486F488-120F-46C3-A52A-671DA4851251}.Release|Any CPU.ActiveCfg = Release|Any CPU
		{F486F488-120F-46C3-A52A-671DA4851251}.Release|Any CPU.Build.0 = Release|Any CPU
		{1306E4B9-2FC7-4D48-ADE7-8FA11ED954AA}.Debug|Any CPU.ActiveCfg = Debug|Any CPU
		{1306E4B9-2FC7-4D48-ADE7-8FA11ED954AA}.Debug|Any CPU.Build.0 = Debug|Any CPU
		{1306E4B9-2FC7-4D48-ADE7-8FA11ED954AA}.Release|Any CPU.ActiveCfg = Release|Any CPU
		{1306E4B9-2FC7-4D48-ADE7-8FA11ED954AA}.Release|Any CPU.Build.0 = Release|Any CPU
		{373DE364-7BE5-481F-B078-0E843D7AB44A}.Debug|Any CPU.ActiveCfg = Debug|Any CPU
		{373DE364-7BE5-481F-B078-0E843D7AB44A}.Debug|Any CPU.Build.0 = Debug|Any CPU
		{373DE364-7BE5-481F-B078-0E843D7AB44A}.Release|Any CPU.ActiveCfg = Release|Any CPU
		{373DE364-7BE5-481F-B078-0E843D7AB44A}.Release|Any CPU.Build.0 = Release|Any CPU
		{819E19E6-C273-40AF-971C-04335BEACF5C}.Debug|Any CPU.ActiveCfg = Debug|Any CPU
		{819E19E6-C273-40AF-971C-04335BEACF5C}.Debug|Any CPU.Build.0 = Debug|Any CPU
		{819E19E6-C273-40AF-971C-04335BEACF5C}.Release|Any CPU.ActiveCfg = Release|Any CPU
		{819E19E6-C273-40AF-971C-04335BEACF5C}.Release|Any CPU.Build.0 = Release|Any CPU
		{24D26065-7660-4C1D-8451-F5028C8195AB}.Debug|Any CPU.ActiveCfg = Debug|Any CPU
		{24D26065-7660-4C1D-8451-F5028C8195AB}.Debug|Any CPU.Build.0 = Debug|Any CPU
		{24D26065-7660-4C1D-8451-F5028C8195AB}.Release|Any CPU.ActiveCfg = Release|Any CPU
		{24D26065-7660-4C1D-8451-F5028C8195AB}.Release|Any CPU.Build.0 = Release|Any CPU
	EndGlobalSection
	GlobalSection(SolutionProperties) = preSolution
		HideSolutionNode = FALSE
	EndGlobalSection
	GlobalSection(ExtensibilityGlobals) = postSolution
		SolutionGuid = {5179CF0B-BD7C-4FEE-971F-6CCBA982AB8D}
	EndGlobalSection
EndGlobal
